<?xml version="1.0" encoding="UTF-8" standalone="yes" ?>
<CodeBlocks_project_file>
	<FileVersion major="1" minor="6" />
	<Project>
		<Option title="tnf" />
		<Option pch_mode="2" />
		<Option compiler="msvc8" />
		<Build>
			<Target title="Server">
				<Option output="bin\Server\tnf" prefix_auto="1" extension_auto="1" />
				<Option object_output="obj\Server\" />
				<Option type="3" />
				<Option compiler="msvc8" />
				<Option createDefFile="1" />
				<Option createStaticLib="1" />
				<Compiler>
					<Add option="/MT" />
					<Add option="/Gd" />
					<Add option="/O2" />
					<Add option="/W3" />
					<Add option="/Zi" />
					<Add option="/D__SERVER" />
					<Add directory=".\StlPort" />
				</Compiler>
				<ResourceCompiler>
					<Add directory=".\StlPort" />
				</ResourceCompiler>
				<Linker>
					<Add option="/DEBUG" />
					<Add library="User32" />
					<Add directory=".\StlPort" />
				</Linker>
				<ExtraCommands>
					<Add after="cmd /c copy /Y .\bin\Server\tnf.dll .\fonline_tnf.dll" />
					<Mode after="always" />
				</ExtraCommands>
			</Target>
			<Target title="Client">
				<Option output="bin\Client\tnf" prefix_auto="1" extension_auto="1" />
				<Option object_output="obj\Client\" />
				<Option type="3" />
				<Option compiler="msvc8" />
				<Option createDefFile="1" />
				<Option createStaticLib="1" />
				<Compiler>
					<Add option="/MT" />
					<Add option="/Gd" />
					<Add option="/O2" />
					<Add option="/W3" />
					<Add option="/Zi" />
					<Add option="/D__CLIENT" />
					<Add directory=".\StlPort" />
				</Compiler>
				<ResourceCompiler>
					<Add directory=".\StlPort" />
				</ResourceCompiler>
				<Linker>
					<Add option="/DEBUG" />
					<Add library="User32" />
					<Add directory=".\StlPort" />
				</Linker>
				<ExtraCommands>
					<Add after="cmd /c copy /Y .\bin\Client\tnf.dll .\fonline_tnf_client.dll" />
					<Mode after="always" />
				</ExtraCommands>
			</Target>
		</Build>
		<Unit filename="fonline.h" />
		<Unit filename="fonline_tnf.cpp" />
		<Unit filename="fonline_tnf.h" />
		<Unit filename="q_sprites.cpp">
			<Option target="Client" />
		</Unit>
		<Unit filename="q_sprites.h">
			<Option target="Client" />
		</Unit>
		<Unit filename="qmap_tools.cpp" />
		<Unit filename="qmap_tools.h" />
		<Extensions>
			<code_completion />
			<debugger />
		</Extensions>
	</Project>
</CodeBlocks_project_file>
